
Microsoft Visual Studio Solution File, Format Version 12.00
# Visual Studio Version 16
VisualStudioVersion = 16.0.32413.119
MinimumVisualStudioVersion = 10.0.40219.1
Project("{A07B5EB6-E848-4116-A8D0-A826331D98C6}") = "svastha", "..\svastha\svastha.sfproj", "{5129B4D7-D1E0-4AAF-ADF0-45CB2FA6C8C0}"
EndProject
Project("{9A19103F-16F7-4668-BE54-9A1E7A4F7556}") = "PhysicalActivity", "..\PhysicalActivity\PhysicalActivity.csproj", "{4C410ADB-6922-4C12-BB50-56DDB7B2614A}"
EndProject
Global
	GlobalSection(SolutionConfigurationPlatforms) = preSolution
		Debug|Any CPU = Debug|Any CPU
		Debug|x64 = Debug|x64
		Release|Any CPU = Release|Any CPU
		Release|x64 = Release|x64
	EndGlobalSection
	GlobalSection(ProjectConfigurationPlatforms) = postSolution
		{5129B4D7-D1E0-4AAF-ADF0-45CB2FA6C8C0}.Debug|Any CPU.ActiveCfg = Debug|x64
		{5129B4D7-D1E0-4AAF-ADF0-45CB2FA6C8C0}.Debug|x64.ActiveCfg = Debug|x64
		{5129B4D7-D1E0-4AAF-ADF0-45CB2FA6C8C0}.Debug|x64.Build.0 = Debug|x64
		{5129B4D7-D1E0-4AAF-ADF0-45CB2FA6C8C0}.Debug|x64.Deploy.0 = Debug|x64
		{5129B4D7-D1E0-4AAF-ADF0-45CB2FA6C8C0}.Release|Any CPU.ActiveCfg = Release|x64
		{5129B4D7-D1E0-4AAF-ADF0-45CB2FA6C8C0}.Release|x64.ActiveCfg = Release|x64
		{5129B4D7-D1E0-4AAF-ADF0-45CB2FA6C8C0}.Release|x64.Build.0 = Release|x64
		{5129B4D7-D1E0-4AAF-ADF0-45CB2FA6C8C0}.Release|x64.Deploy.0 = Release|x64
		{4C410ADB-6922-4C12-BB50-56DDB7B2614A}.Debug|Any CPU.ActiveCfg = Debug|Any CPU
		{4C410ADB-6922-4C12-BB50-56DDB7B2614A}.Debug|Any CPU.Build.0 = Debug|Any CPU
		{4C410ADB-6922-4C12-BB50-56DDB7B2614A}.Debug|x64.ActiveCfg = Debug|Any CPU
		{4C410ADB-6922-4C12-BB50-56DDB7B2614A}.Debug|x64.Build.0 = Debug|Any CPU
		{4C410ADB-6922-4C12-BB50-56DDB7B2614A}.Release|Any CPU.ActiveCfg = Release|Any CPU
		{4C410ADB-6922-4C12-BB50-56DDB7B2614A}.Release|Any CPU.Build.0 = Release|Any CPU
		{4C410ADB-6922-4C12-BB50-56DDB7B2614A}.Release|x64.ActiveCfg = Release|Any CPU
		{4C410ADB-6922-4C12-BB50-56DDB7B2614A}.Release|x64.Build.0 = Release|Any CPU
	EndGlobalSection
	GlobalSection(SolutionProperties) = preSolution
		HideSolutionNode = FALSE
	EndGlobalSection
	GlobalSection(ExtensibilityGlobals) = postSolution
		SolutionGuid = {D456F2DE-BC59-49EB-A204-3B911BB26161}
	EndGlobalSection
EndGlobal
